
Microsoft Visual Studio Solution File, Format Version 12.00
# Visual Studio Version 17
VisualStudioVersion = 17.12.35728.132
MinimumVisualStudioVersion = 10.0.40219.1
Project("{FAE04EC0-301F-11D3-BF4B-00C04F79EFBC}") = "ADO", "ADO\ADO.csproj", "{66058FDA-E9FE-4B9F-A33A-859A2712E52F}"
EndProject
Project("{FAE04EC0-301F-11D3-BF4B-00C04F79EFBC}") = "ConnectorCheck", "ConnectorCheck\ConnectorCheck.csproj", "{1E2760E2-918B-42A6-B7AC-E3FB6490046E}"
EndProject
Project("{FAE04EC0-301F-11D3-BF4B-00C04F79EFBC}") = "Connector", "Connector\Connector.csproj", "{53AF60B5-F779-4507-8541-45D63E0CE5F6}"
EndProject
Project("{FAE04EC0-301F-11D3-BF4B-00C04F79EFBC}") = "CheckConnector", "CheckConnector\CheckConnector.csproj", "{FC69FD60-9EB2-43BA-A326-C7C3DECF529E}"
EndProject
Global
	GlobalSection(SolutionConfigurationPlatforms) = preSolution
		Debug|Any CPU = Debug|Any CPU
		Release|Any CPU = Release|Any CPU
	EndGlobalSection
	GlobalSection(ProjectConfigurationPlatforms) = postSolution
		{66058FDA-E9FE-4B9F-A33A-859A2712E52F}.Debug|Any CPU.ActiveCfg = Debug|Any CPU
		{66058FDA-E9FE-4B9F-A33A-859A2712E52F}.Debug|Any CPU.Build.0 = Debug|Any CPU
		{66058FDA-E9FE-4B9F-A33A-859A2712E52F}.Release|Any CPU.ActiveCfg = Release|Any CPU
		{66058FDA-E9FE-4B9F-A33A-859A2712E52F}.Release|Any CPU.Build.0 = Release|Any CPU
		{1E2760E2-918B-42A6-B7AC-E3FB6490046E}.Debug|Any CPU.ActiveCfg = Debug|Any CPU
		{1E2760E2-918B-42A6-B7AC-E3FB6490046E}.Debug|Any CPU.Build.0 = Debug|Any CPU
		{1E2760E2-918B-42A6-B7AC-E3FB6490046E}.Release|Any CPU.ActiveCfg = Release|Any CPU
		{1E2760E2-918B-42A6-B7AC-E3FB6490046E}.Release|Any CPU.Build.0 = Release|Any CPU
		{53AF60B5-F779-4507-8541-45D63E0CE5F6}.Debug|Any CPU.ActiveCfg = Debug|Any CPU
		{53AF60B5-F779-4507-8541-45D63E0CE5F6}.Debug|Any CPU.Build.0 = Debug|Any CPU
		{53AF60B5-F779-4507-8541-45D63E0CE5F6}.Release|Any CPU.ActiveCfg = Release|Any CPU
		{53AF60B5-F779-4507-8541-45D63E0CE5F6}.Release|Any CPU.Build.0 = Release|Any CPU
		{FC69FD60-9EB2-43BA-A326-C7C3DECF529E}.Debug|Any CPU.ActiveCfg = Debug|Any CPU
		{FC69FD60-9EB2-43BA-A326-C7C3DECF529E}.Debug|Any CPU.Build.0 = Debug|Any CPU
		{FC69FD60-9EB2-43BA-A326-C7C3DECF529E}.Release|Any CPU.ActiveCfg = Release|Any CPU
		{FC69FD60-9EB2-43BA-A326-C7C3DECF529E}.Release|Any CPU.Build.0 = Release|Any CPU
	EndGlobalSection
	GlobalSection(SolutionProperties) = preSolution
		HideSolutionNode = FALSE
	EndGlobalSection
EndGlobal
